PODS:
  - Flutter (1.0.0)
  - WonderPush (4.1.0):
    - WonderPush/Core (= 4.1.0)
  - WonderPush/Core (4.1.0)
  - wonderpush_flutter (4.1.0):
    - Flutter
    - WonderPush (= 4.1.0)
  - WonderPushExtension (4.1.0):
    - WonderPushExtension/Extension (= 4.1.0)
  - WonderPushExtension/Extension (4.1.0)

DEPENDENCIES:
  - Flutter (from `Flutter`)
  - wonderpush_flutter (from `.symlinks/plugins/wonderpush_flutter/ios`)
  - WonderPushExtension (= 4.1.0)

SPEC REPOS:
  trunk:
    - WonderPush
    - WonderPushExtension

EXTERNAL SOURCES:
  Flutter:
    :path: Flutter
  wonderpush_flutter:
    :path: ".symlinks/plugins/wonderpush_flutter/ios"

SPEC CHECKSUMS:
  Flutter: 50d75fe2f02b26cc09d224853bb45737f8b3214a
  WonderPush: 5b264f508489a42b6efd82195490273c260bf62f
  wonderpush_flutter: 05106b37d436a08f0653b124fb0406cfcd199513
  WonderPushExtension: 284e6040e1892be2543e25c714b286c4ec436602

PODFILE CHECKSUM: 7cab721be0e3ddb592c098fd7d2d5128c74c70dc

COCOAPODS: 1.11.3
