PODS:
  - Flutter (1.0.0)
  - WonderPush (4.0.12):
    - WonderPush/Core (= 4.0.12)
  - WonderPush/Core (4.0.12)
  - wonderpush_flutter (4.0.12):
    - Flutter
    - WonderPush (= 4.0.12)
  - WonderPushExtension (4.0.12):
    - WonderPushExtension/Extension (= 4.0.12)
  - WonderPushExtension/Extension (4.0.12)

DEPENDENCIES:
  - Flutter (from `Flutter`)
  - wonderpush_flutter (from `.symlinks/plugins/wonderpush_flutter/ios`)
  - WonderPushExtension (= 4.0.12)

SPEC REPOS:
  trunk:
    - WonderPush
    - WonderPushExtension

EXTERNAL SOURCES:
  Flutter:
    :path: Flutter
  wonderpush_flutter:
    :path: ".symlinks/plugins/wonderpush_flutter/ios"

SPEC CHECKSUMS:
  Flutter: 50d75fe2f02b26cc09d224853bb45737f8b3214a
  WonderPush: d75e4e4eb13dd2a177895e25ff154935a931dab1
  wonderpush_flutter: 2da730bb9d92071cea1e0aca291f9049d3222237
  WonderPushExtension: a5cad5e02826df9459c4e0b71479439df949d29f

PODFILE CHECKSUM: 3b8892a5929067ce1ea10dc00510d4caa2c014f6

COCOAPODS: 1.11.2
